
Microsoft Visual Studio Solution File, Format Version 11.00
# Visual Studio 2010
Project("{FAE04EC0-301F-11D3-BF4B-00C04F79EFBC}") = "LinqIt.Mail", "LinqIt.Mail\LinqIt.Mail\LinqIt.Mail.csproj", "{0BBD596B-5BE9-48A8-B2D6-E141819512F3}"
EndProject
Project("{FAE04EC0-301F-11D3-BF4B-00C04F79EFBC}") = "LinqIt.Synchronization", "LinqIt.Synchronization\LinqIt.Synchronization\LinqIt.Synchronization.csproj", "{B63014E7-4135-4E88-BE93-26C1BFD8E712}"
EndProject
Project("{FAE04EC0-301F-11D3-BF4B-00C04F79EFBC}") = "LinqIt.Utils", "LinqIt.Utils\LinqIt.Utils\LinqIt.Utils.csproj", "{96064C0A-1866-403F-B8A5-B8E5D9C53C02}"
EndProject
Project("{FAE04EC0-301F-11D3-BF4B-00C04F79EFBC}") = "LinqIt.Ajax", "LinqIt.Ajax\LinqIt.Ajax.csproj", "{77D51B31-BA8B-4A94-B13C-BEC9F8737E90}"
EndProject
Project("{FAE04EC0-301F-11D3-BF4B-00C04F79EFBC}") = "LinqIt.Parsing", "LinqIt.Parsing\LinqIt.Parsing.csproj", "{19FCE520-C4AD-4F62-9C88-58C81D78BA0A}"
EndProject
Project("{FAE04EC0-301F-11D3-BF4B-00C04F79EFBC}") = "LinqIt.Cms", "LinqIt.Cms\LinqIt.Cms.csproj", "{2B204B2C-BEB2-4073-AF47-DC2F095F7555}"
EndProject
Project("{FAE04EC0-301F-11D3-BF4B-00C04F79EFBC}") = "LinqIt.Components", "LinqIt.Components\LinqIt.Components.csproj", "{DB84F100-6ADC-4E25-B775-943ABD843BF1}"
EndProject
Project("{FAE04EC0-301F-11D3-BF4B-00C04F79EFBC}") = "LinqIt.Search", "LinqIt.Search\LinqIt.Search.csproj", "{C73ECD5C-9D91-4AF8-B98C-42998517BF7D}"
EndProject
Project("{FAE04EC0-301F-11D3-BF4B-00C04F79EFBC}") = "LinqIt.Libraries.WebTest", "LinqIt.Libraries.WebTest\LinqIt.Libraries.WebTest.csproj", "{5AF8C260-89E6-4EC5-92D3-8A7E1F68A0FB}"
EndProject
Global
	GlobalSection(SolutionConfigurationPlatforms) = preSolution
		Debug|Any CPU = Debug|Any CPU
		Release|Any CPU = Release|Any CPU
	EndGlobalSection
	GlobalSection(ProjectConfigurationPlatforms) = postSolution
		{0BBD596B-5BE9-48A8-B2D6-E141819512F3}.Debug|Any CPU.ActiveCfg = Debug|Any CPU
		{0BBD596B-5BE9-48A8-B2D6-E141819512F3}.Debug|Any CPU.Build.0 = Debug|Any CPU
		{0BBD596B-5BE9-48A8-B2D6-E141819512F3}.Release|Any CPU.ActiveCfg = Release|Any CPU
		{0BBD596B-5BE9-48A8-B2D6-E141819512F3}.Release|Any CPU.Build.0 = Release|Any CPU
		{B63014E7-4135-4E88-BE93-26C1BFD8E712}.Debug|Any CPU.ActiveCfg = Debug|Any CPU
		{B63014E7-4135-4E88-BE93-26C1BFD8E712}.Debug|Any CPU.Build.0 = Debug|Any CPU
		{B63014E7-4135-4E88-BE93-26C1BFD8E712}.Release|Any CPU.ActiveCfg = Release|Any CPU
		{B63014E7-4135-4E88-BE93-26C1BFD8E712}.Release|Any CPU.Build.0 = Release|Any CPU
		{96064C0A-1866-403F-B8A5-B8E5D9C53C02}.Debug|Any CPU.ActiveCfg = Debug|Any CPU
		{96064C0A-1866-403F-B8A5-B8E5D9C53C02}.Debug|Any CPU.Build.0 = Debug|Any CPU
		{96064C0A-1866-403F-B8A5-B8E5D9C53C02}.Release|Any CPU.ActiveCfg = Release|Any CPU
		{96064C0A-1866-403F-B8A5-B8E5D9C53C02}.Release|Any CPU.Build.0 = Release|Any CPU
		{77D51B31-BA8B-4A94-B13C-BEC9F8737E90}.Debug|Any CPU.ActiveCfg = Debug|Any CPU
		{77D51B31-BA8B-4A94-B13C-BEC9F8737E90}.Debug|Any CPU.Build.0 = Debug|Any CPU
		{77D51B31-BA8B-4A94-B13C-BEC9F8737E90}.Release|Any CPU.ActiveCfg = Release|Any CPU
		{77D51B31-BA8B-4A94-B13C-BEC9F8737E90}.Release|Any CPU.Build.0 = Release|Any CPU
		{19FCE520-C4AD-4F62-9C88-58C81D78BA0A}.Debug|Any CPU.ActiveCfg = Debug|Any CPU
		{19FCE520-C4AD-4F62-9C88-58C81D78BA0A}.Debug|Any CPU.Build.0 = Debug|Any CPU
		{19FCE520-C4AD-4F62-9C88-58C81D78BA0A}.Release|Any CPU.ActiveCfg = Release|Any CPU
		{19FCE520-C4AD-4F62-9C88-58C81D78BA0A}.Release|Any CPU.Build.0 = Release|Any CPU
		{2B204B2C-BEB2-4073-AF47-DC2F095F7555}.Debug|Any CPU.ActiveCfg = Debug|Any CPU
		{2B204B2C-BEB2-4073-AF47-DC2F095F7555}.Debug|Any CPU.Build.0 = Debug|Any CPU
		{2B204B2C-BEB2-4073-AF47-DC2F095F7555}.Release|Any CPU.ActiveCfg = Release|Any CPU
		{2B204B2C-BEB2-4073-AF47-DC2F095F7555}.Release|Any CPU.Build.0 = Release|Any CPU
		{DB84F100-6ADC-4E25-B775-943ABD843BF1}.Debug|Any CPU.ActiveCfg = Debug|Any CPU
		{DB84F100-6ADC-4E25-B775-943ABD843BF1}.Debug|Any CPU.Build.0 = Debug|Any CPU
		{DB84F100-6ADC-4E25-B775-943ABD843BF1}.Release|Any CPU.ActiveCfg = Release|Any CPU
		{DB84F100-6ADC-4E25-B775-943ABD843BF1}.Release|Any CPU.Build.0 = Release|Any CPU
		{C73ECD5C-9D91-4AF8-B98C-42998517BF7D}.Debug|Any CPU.ActiveCfg = Debug|Any CPU
		{C73ECD5C-9D91-4AF8-B98C-42998517BF7D}.Debug|Any CPU.Build.0 = Debug|Any CPU
		{C73ECD5C-9D91-4AF8-B98C-42998517BF7D}.Release|Any CPU.ActiveCfg = Release|Any CPU
		{C73ECD5C-9D91-4AF8-B98C-42998517BF7D}.Release|Any CPU.Build.0 = Release|Any CPU
		{5AF8C260-89E6-4EC5-92D3-8A7E1F68A0FB}.Debug|Any CPU.ActiveCfg = Debug|Any CPU
		{5AF8C260-89E6-4EC5-92D3-8A7E1F68A0FB}.Debug|Any CPU.Build.0 = Debug|Any CPU
		{5AF8C260-89E6-4EC5-92D3-8A7E1F68A0FB}.Release|Any CPU.ActiveCfg = Release|Any CPU
		{5AF8C260-89E6-4EC5-92D3-8A7E1F68A0FB}.Release|Any CPU.Build.0 = Release|Any CPU
	EndGlobalSection
	GlobalSection(SolutionProperties) = preSolution
		HideSolutionNode = FALSE
	EndGlobalSection
EndGlobal
