
Microsoft Visual Studio Solution File, Format Version 11.00
# Visual Studio 2010
Project("{FAE04EC0-301F-11D3-BF4B-00C04F79EFBC}") = "LinqIt.Utils", "LinqIt.Utils\LinqIt.Utils.csproj", "{96064C0A-1866-403F-B8A5-B8E5D9C53C02}"
EndProject
Global
	GlobalSection(SolutionConfigurationPlatforms) = preSolution
		Debug|Any CPU = Debug|Any CPU
		Release|Any CPU = Release|Any CPU
	EndGlobalSection
	GlobalSection(ProjectConfigurationPlatforms) = postSolution
		{96064C0A-1866-403F-B8A5-B8E5D9C53C02}.Debug|Any CPU.ActiveCfg = Debug|Any CPU
		{96064C0A-1866-403F-B8A5-B8E5D9C53C02}.Debug|Any CPU.Build.0 = Debug|Any CPU
		{96064C0A-1866-403F-B8A5-B8E5D9C53C02}.Release|Any CPU.ActiveCfg = Release|Any CPU
		{96064C0A-1866-403F-B8A5-B8E5D9C53C02}.Release|Any CPU.Build.0 = Release|Any CPU
	EndGlobalSection
	GlobalSection(SolutionProperties) = preSolution
		HideSolutionNode = FALSE
	EndGlobalSection
EndGlobal
