
Microsoft Visual Studio Solution File, Format Version 11.00
# Visual Studio 2010
Project("{FAE04EC0-301F-11D3-BF4B-00C04F79EFBC}") = "LinqIt.Ajax", "LinqIt.Ajax.csproj", "{77D51B31-BA8B-4A94-B13C-BEC9F8737E90}"
EndProject
Global
	GlobalSection(SolutionConfigurationPlatforms) = preSolution
		Debug|Any CPU = Debug|Any CPU
		Release|Any CPU = Release|Any CPU
	EndGlobalSection
	GlobalSection(ProjectConfigurationPlatforms) = postSolution
		{77D51B31-BA8B-4A94-B13C-BEC9F8737E90}.Debug|Any CPU.ActiveCfg = Debug|Any CPU
		{77D51B31-BA8B-4A94-B13C-BEC9F8737E90}.Debug|Any CPU.Build.0 = Debug|Any CPU
		{77D51B31-BA8B-4A94-B13C-BEC9F8737E90}.Release|Any CPU.ActiveCfg = Release|Any CPU
		{77D51B31-BA8B-4A94-B13C-BEC9F8737E90}.Release|Any CPU.Build.0 = Release|Any CPU
	EndGlobalSection
	GlobalSection(SolutionProperties) = preSolution
		HideSolutionNode = FALSE
	EndGlobalSection
EndGlobal
